// !$*UTF8*$!
{
	archiveVersion = 1;
	classes = {
	};
	objectVersion = 56;
	objects = {

/* Begin PBXBuildFile section */
		A35CF0802BA446E600082F3D /* SwiftUICleanArchitectureApp.swift in Sources */ = {isa = PBXBuildFile; fileRef = A35CF07F2BA446E600082F3D /* SwiftUICleanArchitectureApp.swift */; };
		A35CF0822BA446E600082F3D /* ContentView.swift in Sources */ = {isa = PBXBuildFile; fileRef = A35CF0812BA446E600082F3D /* ContentView.swift */; };
		A35CF0842BA446EA00082F3D /* Assets.xcassets in Resources */ = {isa = PBXBuildFile; fileRef = A35CF0832BA446EA00082F3D /* Assets.xcassets */; };
		A35CF0882BA446EA00082F3D /* Preview Assets.xcassets in Resources */ = {isa = PBXBuildFile; fileRef = A35CF0872BA446EA00082F3D /* Preview Assets.xcassets */; };
		A35CF08F2BA4499800082F3D /* Readme.MD in Resources */ = {isa = PBXBuildFile; fileRef = A35CF08E2BA4499800082F3D /* Readme.MD */; };
		A35CF0982BA44B9800082F3D /* Constants.swift in Sources */ = {isa = PBXBuildFile; fileRef = A35CF0972BA44B9800082F3D /* Constants.swift */; };
		A35CF09A2BA44EA700082F3D /* NetworkUtils.swift in Sources */ = {isa = PBXBuildFile; fileRef = A35CF0992BA44EA700082F3D /* NetworkUtils.swift */; };
		A35CF0A02BA4578100082F3D /* PokemonListResponseModel.swift in Sources */ = {isa = PBXBuildFile; fileRef = A35CF09F2BA4578100082F3D /* PokemonListResponseModel.swift */; };
		A35CF0A22BA4579000082F3D /* PokemonResponseModel.swift in Sources */ = {isa = PBXBuildFile; fileRef = A35CF0A12BA4579000082F3D /* PokemonResponseModel.swift */; };
		A35CF0A62BA4584300082F3D /* PokemonListRemoteDataSource.swift in Sources */ = {isa = PBXBuildFile; fileRef = A35CF0A52BA4584300082F3D /* PokemonListRemoteDataSource.swift */; };
		A35CF0AA2BA459BB00082F3D /* PokemonListRepository.swift in Sources */ = {isa = PBXBuildFile; fileRef = A35CF0A92BA459BB00082F3D /* PokemonListRepository.swift */; };
		A35CF0AD2BA45A1400082F3D /* PokemonListRepositoryProtocol.swift in Sources */ = {isa = PBXBuildFile; fileRef = A35CF0AC2BA45A1400082F3D /* PokemonListRepositoryProtocol.swift */; };
		A35CF0B02BA45A7100082F3D /* PokemonEntity.swift in Sources */ = {isa = PBXBuildFile; fileRef = A35CF0AF2BA45A7100082F3D /* PokemonEntity.swift */; };
		A35CF0B32BA45E0300082F3D /* GetPokemonListUseCase.swift in Sources */ = {isa = PBXBuildFile; fileRef = A35CF0B22BA45E0300082F3D /* GetPokemonListUseCase.swift */; };
		A35CF0B52BA45FAB00082F3D /* PokemonListView.swift in Sources */ = {isa = PBXBuildFile; fileRef = A35CF0B42BA45FAB00082F3D /* PokemonListView.swift */; };
		A35CF0B72BA45FFD00082F3D /* PokemonRowView.swift in Sources */ = {isa = PBXBuildFile; fileRef = A35CF0B62BA45FFD00082F3D /* PokemonRowView.swift */; };
		A35CF0BE2BA4715400082F3D /* PokemonDetailResponseModel.swift in Sources */ = {isa = PBXBuildFile; fileRef = A35CF0BD2BA4715400082F3D /* PokemonDetailResponseModel.swift */; };
		A35CF0C22BA471F500082F3D /* PokemonDetailEntity.swift in Sources */ = {isa = PBXBuildFile; fileRef = A35CF0C12BA471F500082F3D /* PokemonDetailEntity.swift */; };
		A35CF0C52BA4761600082F3D /* DetailDataSource.swift in Sources */ = {isa = PBXBuildFile; fileRef = A35CF0C42BA4761600082F3D /* DetailDataSource.swift */; };
		A35CF0C82BA476CD00082F3D /* DetailRepository.swift in Sources */ = {isa = PBXBuildFile; fileRef = A35CF0C72BA476CD00082F3D /* DetailRepository.swift */; };
		A35CF0CB2BA4770B00082F3D /* DetailRepositoryProtocol.swift in Sources */ = {isa = PBXBuildFile; fileRef = A35CF0CA2BA4770B00082F3D /* DetailRepositoryProtocol.swift */; };
		A35CF0CE2BA4777400082F3D /* GetpokemonDetailUseCase.swift in Sources */ = {isa = PBXBuildFile; fileRef = A35CF0CD2BA4777400082F3D /* GetpokemonDetailUseCase.swift */; };
		A35CF0D02BA47A9000082F3D /* PokemonDetailView.swift in Sources */ = {isa = PBXBuildFile; fileRef = A35CF0CF2BA47A9000082F3D /* PokemonDetailView.swift */; };
		A387F15C2BA586DF00A2F53F /* PokemonListViewModel.swift in Sources */ = {isa = PBXBuildFile; fileRef = A387F15B2BA586DF00A2F53F /* PokemonListViewModel.swift */; };
		A387F15F2BA5878500A2F53F /* FetchState.swift in Sources */ = {isa = PBXBuildFile; fileRef = A387F15E2BA5878500A2F53F /* FetchState.swift */; };
		A387F1612BA5920400A2F53F /* LoadingIndicatorView.swift in Sources */ = {isa = PBXBuildFile; fileRef = A387F1602BA5920400A2F53F /* LoadingIndicatorView.swift */; };
		A387F1632BA59F2100A2F53F /* ListPlaceholderRowView.swift in Sources */ = {isa = PBXBuildFile; fileRef = A387F1622BA59F2100A2F53F /* ListPlaceholderRowView.swift */; };
		A387F1662BA5AE5400A2F53F /* PokemonDetailViewModel.swift in Sources */ = {isa = PBXBuildFile; fileRef = A387F1652BA5AE5400A2F53F /* PokemonDetailViewModel.swift */; };
		A387F16C2BA622CA00A2F53F /* APIError.swift in Sources */ = {isa = PBXBuildFile; fileRef = A387F16B2BA622CA00A2F53F /* APIError.swift */; };
		A387F16F2BA6FAB600A2F53F /* NetworkInfo.swift in Sources */ = {isa = PBXBuildFile; fileRef = A387F16E2BA6FAB600A2F53F /* NetworkInfo.swift */; };
		A387F1732BA6FF3A00A2F53F /* NetworkStatusView.swift in Sources */ = {isa = PBXBuildFile; fileRef = A387F1722BA6FF3A00A2F53F /* NetworkStatusView.swift */; };
		A387F1792BA71DD500A2F53F /* MyContexts.swift in Sources */ = {isa = PBXBuildFile; fileRef = A387F1782BA71DD500A2F53F /* MyContexts.swift */; };
		A387F17D2BA8C8CC00A2F53F /* Readme.MD in Resources */ = {isa = PBXBuildFile; fileRef = A387F17C2BA8C8CC00A2F53F /* Readme.MD */; };
/* End PBXBuildFile section */

/* Begin PBXFileReference section */
		A35CF07C2BA446E600082F3D /* SwiftUICleanArchitecture.app */ = {isa = PBXFileReference; explicitFileType = wrapper.application; includeInIndex = 0; path = SwiftUICleanArchitecture.app; sourceTree = BUILT_PRODUCTS_DIR; };
		A35CF07F2BA446E600082F3D /* SwiftUICleanArchitectureApp.swift */ = {isa = PBXFileReference; lastKnownFileType = sourcecode.swift; path = SwiftUICleanArchitectureApp.swift; sourceTree = "<group>"; };
		A35CF0812BA446E600082F3D /* ContentView.swift */ = {isa = PBXFileReference; lastKnownFileType = sourcecode.swift; path = ContentView.swift; sourceTree = "<group>"; };
		A35CF0832BA446EA00082F3D /* Assets.xcassets */ = {isa = PBXFileReference; lastKnownFileType = folder.assetcatalog; path = Assets.xcassets; sourceTree = "<group>"; };
		A35CF0852BA446EA00082F3D /* SwiftUICleanArchitecture.entitlements */ = {isa = PBXFileReference; lastKnownFileType = text.plist.entitlements; path = SwiftUICleanArchitecture.entitlements; sourceTree = "<group>"; };
		A35CF0872BA446EA00082F3D /* Preview Assets.xcassets */ = {isa = PBXFileReference; lastKnownFileType = folder.assetcatalog; path = "Preview Assets.xcassets"; sourceTree = "<group>"; };
		A35CF08E2BA4499800082F3D /* Readme.MD */ = {isa = PBXFileReference; lastKnownFileType = net.daringfireball.markdown; path = Readme.MD; sourceTree = "<group>"; };
		A35CF0972BA44B9800082F3D /* Constants.swift */ = {isa = PBXFileReference; lastKnownFileType = sourcecode.swift; path = Constants.swift; sourceTree = "<group>"; };
		A35CF0992BA44EA700082F3D /* NetworkUtils.swift */ = {isa = PBXFileReference; lastKnownFileType = sourcecode.swift; path = NetworkUtils.swift; sourceTree = "<group>"; };
		A35CF09F2BA4578100082F3D /* PokemonListResponseModel.swift */ = {isa = PBXFileReference; lastKnownFileType = sourcecode.swift; path = PokemonListResponseModel.swift; sourceTree = "<group>"; };
		A35CF0A12BA4579000082F3D /* PokemonResponseModel.swift */ = {isa = PBXFileReference; lastKnownFileType = sourcecode.swift; path = PokemonResponseModel.swift; sourceTree = "<group>"; };
		A35CF0A52BA4584300082F3D /* PokemonListRemoteDataSource.swift */ = {isa = PBXFileReference; lastKnownFileType = sourcecode.swift; path = PokemonListRemoteDataSource.swift; sourceTree = "<group>"; };
		A35CF0A92BA459BB00082F3D /* PokemonListRepository.swift */ = {isa = PBXFileReference; lastKnownFileType = sourcecode.swift; path = PokemonListRepository.swift; sourceTree = "<group>"; };
		A35CF0AC2BA45A1400082F3D /* PokemonListRepositoryProtocol.swift */ = {isa = PBXFileReference; lastKnownFileType = sourcecode.swift; path = PokemonListRepositoryProtocol.swift; sourceTree = "<group>"; };
		A35CF0AF2BA45A7100082F3D /* PokemonEntity.swift */ = {isa = PBXFileReference; lastKnownFileType = sourcecode.swift; path = PokemonEntity.swift; sourceTree = "<group>"; };
		A35CF0B22BA45E0300082F3D /* GetPokemonListUseCase.swift */ = {isa = PBXFileReference; lastKnownFileType = sourcecode.swift; path = GetPokemonListUseCase.swift; sourceTree = "<group>"; };
		A35CF0B42BA45FAB00082F3D /* PokemonListView.swift */ = {isa = PBXFileReference; lastKnownFileType = sourcecode.swift; path = PokemonListView.swift; sourceTree = "<group>"; };
		A35CF0B62BA45FFD00082F3D /* PokemonRowView.swift */ = {isa = PBXFileReference; lastKnownFileType = sourcecode.swift; path = PokemonRowView.swift; sourceTree = "<group>"; };
		A35CF0BD2BA4715400082F3D /* PokemonDetailResponseModel.swift */ = {isa = PBXFileReference; lastKnownFileType = sourcecode.swift; path = PokemonDetailResponseModel.swift; sourceTree = "<group>"; };
		A35CF0C12BA471F500082F3D /* PokemonDetailEntity.swift */ = {isa = PBXFileReference; lastKnownFileType = sourcecode.swift; path = PokemonDetailEntity.swift; sourceTree = "<group>"; };
		A35CF0C42BA4761600082F3D /* DetailDataSource.swift */ = {isa = PBXFileReference; lastKnownFileType = sourcecode.swift; path = DetailDataSource.swift; sourceTree = "<group>"; };
		A35CF0C72BA476CD00082F3D /* DetailRepository.swift */ = {isa = PBXFileReference; lastKnownFileType = sourcecode.swift; path = DetailRepository.swift; sourceTree = "<group>"; };
		A35CF0CA2BA4770B00082F3D /* DetailRepositoryProtocol.swift */ = {isa = PBXFileReference; lastKnownFileType = sourcecode.swift; path = DetailRepositoryProtocol.swift; sourceTree = "<group>"; };
		A35CF0CD2BA4777400082F3D /* GetpokemonDetailUseCase.swift */ = {isa = PBXFileReference; lastKnownFileType = sourcecode.swift; path = GetpokemonDetailUseCase.swift; sourceTree = "<group>"; };
		A35CF0CF2BA47A9000082F3D /* PokemonDetailView.swift */ = {isa = PBXFileReference; lastKnownFileType = sourcecode.swift; path = PokemonDetailView.swift; sourceTree = "<group>"; };
		A387F15B2BA586DF00A2F53F /* PokemonListViewModel.swift */ = {isa = PBXFileReference; lastKnownFileType = sourcecode.swift; path = PokemonListViewModel.swift; sourceTree = "<group>"; };
		A387F15E2BA5878500A2F53F /* FetchState.swift */ = {isa = PBXFileReference; lastKnownFileType = sourcecode.swift; path = FetchState.swift; sourceTree = "<group>"; };
		A387F1602BA5920400A2F53F /* LoadingIndicatorView.swift */ = {isa = PBXFileReference; lastKnownFileType = sourcecode.swift; path = LoadingIndicatorView.swift; sourceTree = "<group>"; };
		A387F1622BA59F2100A2F53F /* ListPlaceholderRowView.swift */ = {isa = PBXFileReference; lastKnownFileType = sourcecode.swift; path = ListPlaceholderRowView.swift; sourceTree = "<group>"; };
		A387F1652BA5AE5400A2F53F /* PokemonDetailViewModel.swift */ = {isa = PBXFileReference; lastKnownFileType = sourcecode.swift; path = PokemonDetailViewModel.swift; sourceTree = "<group>"; };
		A387F16B2BA622CA00A2F53F /* APIError.swift */ = {isa = PBXFileReference; lastKnownFileType = sourcecode.swift; path = APIError.swift; sourceTree = "<group>"; };
		A387F16E2BA6FAB600A2F53F /* NetworkInfo.swift */ = {isa = PBXFileReference; lastKnownFileType = sourcecode.swift; path = NetworkInfo.swift; sourceTree = "<group>"; };
		A387F1722BA6FF3A00A2F53F /* NetworkStatusView.swift */ = {isa = PBXFileReference; lastKnownFileType = sourcecode.swift; path = NetworkStatusView.swift; sourceTree = "<group>"; };
		A387F1782BA71DD500A2F53F /* MyContexts.swift */ = {isa = PBXFileReference; lastKnownFileType = sourcecode.swift; path = MyContexts.swift; sourceTree = "<group>"; };
		A387F17C2BA8C8CC00A2F53F /* Readme.MD */ = {isa = PBXFileReference; lastKnownFileType = net.daringfireball.markdown; path = Readme.MD; sourceTree = "<group>"; };
/* End PBXFileReference section */

/* Begin PBXFrameworksBuildPhase section */
		A35CF0792BA446E600082F3D /* Frameworks */ = {
			isa = PBXFrameworksBuildPhase;
			buildActionMask = 2147483647;
			files = (
			);
			runOnlyForDeploymentPostprocessing = 0;
		};
/* End PBXFrameworksBuildPhase section */

/* Begin PBXGroup section */
		A35CF0732BA446E600082F3D = {
			isa = PBXGroup;
			children = (
				A387F17C2BA8C8CC00A2F53F /* Readme.MD */,
				A35CF07E2BA446E600082F3D /* SwiftUICleanArchitecture */,
				A35CF07D2BA446E600082F3D /* Products */,
			);
			sourceTree = "<group>";
		};
		A35CF07D2BA446E600082F3D /* Products */ = {
			isa = PBXGroup;
			children = (
				A35CF07C2BA446E600082F3D /* SwiftUICleanArchitecture.app */,
			);
			name = Products;
			sourceTree = "<group>";
		};
		A35CF07E2BA446E600082F3D /* SwiftUICleanArchitecture */ = {
			isa = PBXGroup;
			children = (
				A35CF0922BA44ABA00082F3D /* App */,
				A35CF0912BA44AAE00082F3D /* Core */,
				A387F15A2BA5869E00A2F53F /* Features */,
				A35CF0812BA446E600082F3D /* ContentView.swift */,
				A35CF0832BA446EA00082F3D /* Assets.xcassets */,
				A35CF0852BA446EA00082F3D /* SwiftUICleanArchitecture.entitlements */,
				A35CF0862BA446EA00082F3D /* Preview Content */,
				A35CF08E2BA4499800082F3D /* Readme.MD */,
			);
			path = SwiftUICleanArchitecture;
			sourceTree = "<group>";
		};
		A35CF0862BA446EA00082F3D /* Preview Content */ = {
			isa = PBXGroup;
			children = (
				A35CF0872BA446EA00082F3D /* Preview Assets.xcassets */,
			);
			path = "Preview Content";
			sourceTree = "<group>";
		};
		A35CF0902BA44A9800082F3D /* PokemonList */ = {
			isa = PBXGroup;
			children = (
				A35CF09E2BA4573A00082F3D /* Data */,
				A35CF09D2BA4573400082F3D /* Domain */,
				A35CF09C2BA4572A00082F3D /* Presentation */,
			);
			path = PokemonList;
			sourceTree = "<group>";
		};
		A35CF0912BA44AAE00082F3D /* Core */ = {
			isa = PBXGroup;
			children = (
				A387F16D2BA6FAA200A2F53F /* Connection */,
				A387F15D2BA5877100A2F53F /* Models */,
				A35CF0962BA44B6100082F3D /* Utils */,
				A35CF0952BA44B5100082F3D /* Components */,
			);
			path = Core;
			sourceTree = "<group>";
		};
		A35CF0922BA44ABA00082F3D /* App */ = {
			isa = PBXGroup;
			children = (
				A35CF07F2BA446E600082F3D /* SwiftUICleanArchitectureApp.swift */,
			);
			path = App;
			sourceTree = "<group>";
		};
		A35CF0952BA44B5100082F3D /* Components */ = {
			isa = PBXGroup;
			children = (
				A387F1602BA5920400A2F53F /* LoadingIndicatorView.swift */,
				A387F1622BA59F2100A2F53F /* ListPlaceholderRowView.swift */,
				A387F1722BA6FF3A00A2F53F /* NetworkStatusView.swift */,
			);
			path = Components;
			sourceTree = "<group>";
		};
		A35CF0962BA44B6100082F3D /* Utils */ = {
			isa = PBXGroup;
			children = (
				A35CF0972BA44B9800082F3D /* Constants.swift */,
				A35CF0992BA44EA700082F3D /* NetworkUtils.swift */,
				A387F1782BA71DD500A2F53F /* MyContexts.swift */,
			);
			path = Utils;
			sourceTree = "<group>";
		};
		A35CF09C2BA4572A00082F3D /* Presentation */ = {
			isa = PBXGroup;
			children = (
				A387F1582BA5867700A2F53F /* View */,
				A387F1572BA5867100A2F53F /* ViewModel */,
			);
			path = Presentation;
			sourceTree = "<group>";
		};
		A35CF09D2BA4573400082F3D /* Domain */ = {
			isa = PBXGroup;
			children = (
				A35CF0B12BA45DEE00082F3D /* UseCases */,
				A35CF0AE2BA45A6800082F3D /* Entities */,
				A35CF0AB2BA459F300082F3D /* Repository */,
			);
			path = Domain;
			sourceTree = "<group>";
		};
		A35CF09E2BA4573A00082F3D /* Data */ = {
			isa = PBXGroup;
			children = (
				A35CF0A72BA459A300082F3D /* Repositories */,
				A35CF0A42BA4582700082F3D /* DataSources */,
				A35CF0A32BA4581C00082F3D /* Models */,
			);
			path = Data;
			sourceTree = "<group>";
		};
		A35CF0A32BA4581C00082F3D /* Models */ = {
			isa = PBXGroup;
			children = (
				A35CF09F2BA4578100082F3D /* PokemonListResponseModel.swift */,
				A35CF0A12BA4579000082F3D /* PokemonResponseModel.swift */,
			);
			path = Models;
			sourceTree = "<group>";
		};
		A35CF0A42BA4582700082F3D /* DataSources */ = {
			isa = PBXGroup;
			children = (
				A35CF0A52BA4584300082F3D /* PokemonListRemoteDataSource.swift */,
			);
			path = DataSources;
			sourceTree = "<group>";
		};
		A35CF0A72BA459A300082F3D /* Repositories */ = {
			isa = PBXGroup;
			children = (
				A35CF0A92BA459BB00082F3D /* PokemonListRepository.swift */,
			);
			path = Repositories;
			sourceTree = "<group>";
		};
		A35CF0AB2BA459F300082F3D /* Repository */ = {
			isa = PBXGroup;
			children = (
				A35CF0AC2BA45A1400082F3D /* PokemonListRepositoryProtocol.swift */,
			);
			path = Repository;
			sourceTree = "<group>";
		};
		A35CF0AE2BA45A6800082F3D /* Entities */ = {
			isa = PBXGroup;
			children = (
				A35CF0AF2BA45A7100082F3D /* PokemonEntity.swift */,
			);
			path = Entities;
			sourceTree = "<group>";
		};
		A35CF0B12BA45DEE00082F3D /* UseCases */ = {
			isa = PBXGroup;
			children = (
				A35CF0B22BA45E0300082F3D /* GetPokemonListUseCase.swift */,
			);
			path = UseCases;
			sourceTree = "<group>";
		};
		A35CF0B82BA4708400082F3D /* PokemonDetail */ = {
			isa = PBXGroup;
			children = (
				A35CF0BB2BA470CE00082F3D /* Presentation */,
				A35CF0BA2BA470CA00082F3D /* Domain */,
				A35CF0B92BA470C400082F3D /* Data */,
			);
			path = PokemonDetail;
			sourceTree = "<group>";
		};
		A35CF0B92BA470C400082F3D /* Data */ = {
			isa = PBXGroup;
			children = (
				A35CF0C62BA476B900082F3D /* Repositories */,
				A35CF0C32BA475F300082F3D /* DataSource */,
				A35CF0BC2BA4713B00082F3D /* Models */,
			);
			path = Data;
			sourceTree = "<group>";
		};
		A35CF0BA2BA470CA00082F3D /* Domain */ = {
			isa = PBXGroup;
			children = (
				A35CF0CC2BA4775500082F3D /* UseCases */,
				A35CF0C92BA476F900082F3D /* Repositories */,
				A35CF0BF2BA471E200082F3D /* Entities */,
			);
			path = Domain;
			sourceTree = "<group>";
		};
		A35CF0BB2BA470CE00082F3D /* Presentation */ = {
			isa = PBXGroup;
			children = (
				A387F1682BA5AE5B00A2F53F /* ViewModel */,
				A387F1672BA5AE5700A2F53F /* View */,
			);
			path = Presentation;
			sourceTree = "<group>";
		};
		A35CF0BC2BA4713B00082F3D /* Models */ = {
			isa = PBXGroup;
			children = (
				A35CF0BD2BA4715400082F3D /* PokemonDetailResponseModel.swift */,
			);
			path = Models;
			sourceTree = "<group>";
		};
		A35CF0BF2BA471E200082F3D /* Entities */ = {
			isa = PBXGroup;
			children = (
				A35CF0C12BA471F500082F3D /* PokemonDetailEntity.swift */,
			);
			path = Entities;
			sourceTree = "<group>";
		};
		A35CF0C32BA475F300082F3D /* DataSource */ = {
			isa = PBXGroup;
			children = (
				A35CF0C42BA4761600082F3D /* DetailDataSource.swift */,
			);
			path = DataSource;
			sourceTree = "<group>";
		};
		A35CF0C62BA476B900082F3D /* Repositories */ = {
			isa = PBXGroup;
			children = (
				A35CF0C72BA476CD00082F3D /* DetailRepository.swift */,
			);
			path = Repositories;
			sourceTree = "<group>";
		};
		A35CF0C92BA476F900082F3D /* Repositories */ = {
			isa = PBXGroup;
			children = (
				A35CF0CA2BA4770B00082F3D /* DetailRepositoryProtocol.swift */,
			);
			path = Repositories;
			sourceTree = "<group>";
		};
		A35CF0CC2BA4775500082F3D /* UseCases */ = {
			isa = PBXGroup;
			children = (
				A35CF0CD2BA4777400082F3D /* GetpokemonDetailUseCase.swift */,
			);
			path = UseCases;
			sourceTree = "<group>";
		};
		A387F1572BA5867100A2F53F /* ViewModel */ = {
			isa = PBXGroup;
			children = (
				A387F15B2BA586DF00A2F53F /* PokemonListViewModel.swift */,
			);
			path = ViewModel;
			sourceTree = "<group>";
		};
		A387F1582BA5867700A2F53F /* View */ = {
			isa = PBXGroup;
			children = (
				A35CF0B42BA45FAB00082F3D /* PokemonListView.swift */,
				A35CF0B62BA45FFD00082F3D /* PokemonRowView.swift */,
			);
			path = View;
			sourceTree = "<group>";
		};
		A387F15A2BA5869E00A2F53F /* Features */ = {
			isa = PBXGroup;
			children = (
				A35CF0902BA44A9800082F3D /* PokemonList */,
				A35CF0B82BA4708400082F3D /* PokemonDetail */,
			);
			path = Features;
			sourceTree = "<group>";
		};
		A387F15D2BA5877100A2F53F /* Models */ = {
			isa = PBXGroup;
			children = (
				A387F15E2BA5878500A2F53F /* FetchState.swift */,
				A387F16B2BA622CA00A2F53F /* APIError.swift */,
			);
			path = Models;
			sourceTree = "<group>";
		};
		A387F1672BA5AE5700A2F53F /* View */ = {
			isa = PBXGroup;
			children = (
				A35CF0CF2BA47A9000082F3D /* PokemonDetailView.swift */,
			);
			path = View;
			sourceTree = "<group>";
		};
		A387F1682BA5AE5B00A2F53F /* ViewModel */ = {
			isa = PBXGroup;
			children = (
				A387F1652BA5AE5400A2F53F /* PokemonDetailViewModel.swift */,
			);
			path = ViewModel;
			sourceTree = "<group>";
		};
		A387F16D2BA6FAA200A2F53F /* Connection */ = {
			isa = PBXGroup;
			children = (
				A387F16E2BA6FAB600A2F53F /* NetworkInfo.swift */,
			);
			path = Connection;
			sourceTree = "<group>";
		};
/* End PBXGroup section */

/* Begin PBXNativeTarget section */
		A35CF07B2BA446E600082F3D /* SwiftUICleanArchitecture */ = {
			isa = PBXNativeTarget;
			buildConfigurationList = A35CF08B2BA446EA00082F3D /* Build configuration list for PBXNativeTarget "SwiftUICleanArchitecture" */;
			buildPhases = (
				A35CF0782BA446E600082F3D /* Sources */,
				A35CF0792BA446E600082F3D /* Frameworks */,
				A35CF07A2BA446E600082F3D /* Resources */,
			);
			buildRules = (
			);
			dependencies = (
			);
			name = SwiftUICleanArchitecture;
			productName = SwiftUICleanArchitecture;
			productReference = A35CF07C2BA446E600082F3D /* SwiftUICleanArchitecture.app */;
			productType = "com.apple.product-type.application";
		};
/* End PBXNativeTarget section */

/* Begin PBXProject section */
		A35CF0742BA446E600082F3D /* Project object */ = {
			isa = PBXProject;
			attributes = {
				BuildIndependentTargetsInParallel = 1;
				LastSwiftUpdateCheck = 1510;
				LastUpgradeCheck = 1510;
				TargetAttributes = {
					A35CF07B2BA446E600082F3D = {
						CreatedOnToolsVersion = 15.1;
					};
				};
			};
			buildConfigurationList = A35CF0772BA446E600082F3D /* Build configuration list for PBXProject "SwiftUICleanArchitecture" */;
			compatibilityVersion = "Xcode 14.0";
			developmentRegion = en;
			hasScannedForEncodings = 0;
			knownRegions = (
				en,
				Base,
			);
			mainGroup = A35CF0732BA446E600082F3D;
			productRefGroup = A35CF07D2BA446E600082F3D /* Products */;
			projectDirPath = "";
			projectRoot = "";
			targets = (
				A35CF07B2BA446E600082F3D /* SwiftUICleanArchitecture */,
			);
		};
/* End PBXProject section */

/* Begin PBXResourcesBuildPhase section */
		A35CF07A2BA446E600082F3D /* Resources */ = {
			isa = PBXResourcesBuildPhase;
			buildActionMask = 2147483647;
			files = (
				A35CF0882BA446EA00082F3D /* Preview Assets.xcassets in Resources */,
				A35CF0842BA446EA00082F3D /* Assets.xcassets in Resources */,
				A387F17D2BA8C8CC00A2F53F /* Readme.MD in Resources */,
				A35CF08F2BA4499800082F3D /* Readme.MD in Resources */,
			);
			runOnlyForDeploymentPostprocessing = 0;
		};
/* End PBXResourcesBuildPhase section */

/* Begin PBXSourcesBuildPhase section */
		A35CF0782BA446E600082F3D /* Sources */ = {
			isa = PBXSourcesBuildPhase;
			buildActionMask = 2147483647;
			files = (
				A35CF0B52BA45FAB00082F3D /* PokemonListView.swift in Sources */,
				A35CF0A22BA4579000082F3D /* PokemonResponseModel.swift in Sources */,
				A35CF0C52BA4761600082F3D /* DetailDataSource.swift in Sources */,
				A387F1662BA5AE5400A2F53F /* PokemonDetailViewModel.swift in Sources */,
				A35CF0822BA446E600082F3D /* ContentView.swift in Sources */,
				A387F15C2BA586DF00A2F53F /* PokemonListViewModel.swift in Sources */,
				A35CF0D02BA47A9000082F3D /* PokemonDetailView.swift in Sources */,
				A387F16F2BA6FAB600A2F53F /* NetworkInfo.swift in Sources */,
				A35CF0AA2BA459BB00082F3D /* PokemonListRepository.swift in Sources */,
				A35CF0C82BA476CD00082F3D /* DetailRepository.swift in Sources */,
				A35CF0B32BA45E0300082F3D /* GetPokemonListUseCase.swift in Sources */,
				A387F1632BA59F2100A2F53F /* ListPlaceholderRowView.swift in Sources */,
				A387F1792BA71DD500A2F53F /* MyContexts.swift in Sources */,
				A35CF09A2BA44EA700082F3D /* NetworkUtils.swift in Sources */,
				A35CF0A62BA4584300082F3D /* PokemonListRemoteDataSource.swift in Sources */,
				A35CF0802BA446E600082F3D /* SwiftUICleanArchitectureApp.swift in Sources */,
				A387F15F2BA5878500A2F53F /* FetchState.swift in Sources */,
				A387F1732BA6FF3A00A2F53F /* NetworkStatusView.swift in Sources */,
				A35CF0BE2BA4715400082F3D /* PokemonDetailResponseModel.swift in Sources */,
				A35CF0B72BA45FFD00082F3D /* PokemonRowView.swift in Sources */,
				A35CF0CE2BA4777400082F3D /* GetpokemonDetailUseCase.swift in Sources */,
				A35CF0AD2BA45A1400082F3D /* PokemonListRepositoryProtocol.swift in Sources */,
				A35CF0B02BA45A7100082F3D /* PokemonEntity.swift in Sources */,
				A35CF0C22BA471F500082F3D /* PokemonDetailEntity.swift in Sources */,
				A35CF0CB2BA4770B00082F3D /* DetailRepositoryProtocol.swift in Sources */,
				A35CF0982BA44B9800082F3D /* Constants.swift in Sources */,
				A387F1612BA5920400A2F53F /* LoadingIndicatorView.swift in Sources */,
				A35CF0A02BA4578100082F3D /* PokemonListResponseModel.swift in Sources */,
				A387F16C2BA622CA00A2F53F /* APIError.swift in Sources */,
			);
			runOnlyForDeploymentPostprocessing = 0;
		};
/* End PBXSourcesBuildPhase section */

/* Begin XCBuildConfiguration section */
		A35CF0892BA446EA00082F3D /* Debug */ = {
			isa = XCBuildConfiguration;
			buildSettings = {
				ALWAYS_SEARCH_USER_PATHS = NO;
				ASSETCATALOG_COMPILER_GENERATE_SWIFT_ASSET_SYMBOL_EXTENSIONS = YES;
				CLANG_ANALYZER_NONNULL = YES;
				CLANG_ANALYZER_NUMBER_OBJECT_CONVERSION = YES_AGGRESSIVE;
				CLANG_CXX_LANGUAGE_STANDARD = "gnu++20";
				CLANG_ENABLE_MODULES = YES;
				CLANG_ENABLE_OBJC_ARC = YES;
				CLANG_ENABLE_OBJC_WEAK = YES;
				CLANG_WARN_BLOCK_CAPTURE_AUTORELEASING = YES;
				CLANG_WARN_BOOL_CONVERSION = YES;
				CLANG_WARN_COMMA = YES;
				CLANG_WARN_CONSTANT_CONVERSION = YES;
				CLANG_WARN_DEPRECATED_OBJC_IMPLEMENTATIONS = YES;
				CLANG_WARN_DIRECT_OBJC_ISA_USAGE = YES_ERROR;
				CLANG_WARN_DOCUMENTATION_COMMENTS = YES;
				CLANG_WARN_EMPTY_BODY = YES;
				CLANG_WARN_ENUM_CONVERSION = YES;
				CLANG_WARN_INFINITE_RECURSION = YES;
				CLANG_WARN_INT_CONVERSION = YES;
				CLANG_WARN_NON_LITERAL_NULL_CONVERSION = YES;
				CLANG_WARN_OBJC_IMPLICIT_RETAIN_SELF = YES;
				CLANG_WARN_OBJC_LITERAL_CONVERSION = YES;
				CLANG_WARN_OBJC_ROOT_CLASS = YES_ERROR;
				CLANG_WARN_QUOTED_INCLUDE_IN_FRAMEWORK_HEADER = YES;
				CLANG_WARN_RANGE_LOOP_ANALYSIS = YES;
				CLANG_WARN_STRICT_PROTOTYPES = YES;
				CLANG_WARN_SUSPICIOUS_MOVE = YES;
				CLANG_WARN_UNGUARDED_AVAILABILITY = YES_AGGRESSIVE;
				CLANG_WARN_UNREACHABLE_CODE = YES;
				CLANG_WARN__DUPLICATE_METHOD_MATCH = YES;
				COPY_PHASE_STRIP = NO;
				DEBUG_INFORMATION_FORMAT = dwarf;
				ENABLE_STRICT_OBJC_MSGSEND = YES;
				ENABLE_TESTABILITY = YES;
				ENABLE_USER_SCRIPT_SANDBOXING = YES;
				GCC_C_LANGUAGE_STANDARD = gnu17;
				GCC_DYNAMIC_NO_PIC = NO;
				GCC_NO_COMMON_BLOCKS = YES;
				GCC_OPTIMIZATION_LEVEL = 0;
				GCC_PREPROCESSOR_DEFINITIONS = (
					"DEBUG=1",
					"$(inherited)",
				);
				GCC_WARN_64_TO_32_BIT_CONVERSION = YES;
				GCC_WARN_ABOUT_RETURN_TYPE = YES_ERROR;
				GCC_WARN_UNDECLARED_SELECTOR = YES;
				GCC_WARN_UNINITIALIZED_AUTOS = YES_AGGRESSIVE;
				GCC_WARN_UNUSED_FUNCTION = YES;
				GCC_WARN_UNUSED_VARIABLE = YES;
				LOCALIZATION_PREFERS_STRING_CATALOGS = YES;
				MTL_ENABLE_DEBUG_INFO = INCLUDE_SOURCE;
				MTL_FAST_MATH = YES;
				ONLY_ACTIVE_ARCH = YES;
				SWIFT_ACTIVE_COMPILATION_CONDITIONS = "DEBUG $(inherited)";
				SWIFT_OPTIMIZATION_LEVEL = "-Onone";
			};
			name = Debug;
		};
		A35CF08A2BA446EA00082F3D /* Release */ = {
			isa = XCBuildConfiguration;
			buildSettings = {
				ALWAYS_SEARCH_USER_PATHS = NO;
				ASSETCATALOG_COMPILER_GENERATE_SWIFT_ASSET_SYMBOL_EXTENSIONS = YES;
				CLANG_ANALYZER_NONNULL = YES;
				CLANG_ANALYZER_NUMBER_OBJECT_CONVERSION = YES_AGGRESSIVE;
				CLANG_CXX_LANGUAGE_STANDARD = "gnu++20";
				CLANG_ENABLE_MODULES = YES;
				CLANG_ENABLE_OBJC_ARC = YES;
				CLANG_ENABLE_OBJC_WEAK = YES;
				CLANG_WARN_BLOCK_CAPTURE_AUTORELEASING = YES;
				CLANG_WARN_BOOL_CONVERSION = YES;
				CLANG_WARN_COMMA = YES;
				CLANG_WARN_CONSTANT_CONVERSION = YES;
				CLANG_WARN_DEPRECATED_OBJC_IMPLEMENTATIONS = YES;
				CLANG_WARN_DIRECT_OBJC_ISA_USAGE = YES_ERROR;
				CLANG_WARN_DOCUMENTATION_COMMENTS = YES;
				CLANG_WARN_EMPTY_BODY = YES;
				CLANG_WARN_ENUM_CONVERSION = YES;
				CLANG_WARN_INFINITE_RECURSION = YES;
				CLANG_WARN_INT_CONVERSION = YES;
				CLANG_WARN_NON_LITERAL_NULL_CONVERSION = YES;
				CLANG_WARN_OBJC_IMPLICIT_RETAIN_SELF = YES;
				CLANG_WARN_OBJC_LITERAL_CONVERSION = YES;
				CLANG_WARN_OBJC_ROOT_CLASS = YES_ERROR;
				CLANG_WARN_QUOTED_INCLUDE_IN_FRAMEWORK_HEADER = YES;
				CLANG_WARN_RANGE_LOOP_ANALYSIS = YES;
				CLANG_WARN_STRICT_PROTOTYPES = YES;
				CLANG_WARN_SUSPICIOUS_MOVE = YES;
				CLANG_WARN_UNGUARDED_AVAILABILITY = YES_AGGRESSIVE;
				CLANG_WARN_UNREACHABLE_CODE = YES;
				CLANG_WARN__DUPLICATE_METHOD_MATCH = YES;
				COPY_PHASE_STRIP = NO;
				DEBUG_INFORMATION_FORMAT = "dwarf-with-dsym";
				ENABLE_NS_ASSERTIONS = NO;
				ENABLE_STRICT_OBJC_MSGSEND = YES;
				ENABLE_USER_SCRIPT_SANDBOXING = YES;
				GCC_C_LANGUAGE_STANDARD = gnu17;
				GCC_NO_COMMON_BLOCKS = YES;
				GCC_WARN_64_TO_32_BIT_CONVERSION = YES;
				GCC_WARN_ABOUT_RETURN_TYPE = YES_ERROR;
				GCC_WARN_UNDECLARED_SELECTOR = YES;
				GCC_WARN_UNINITIALIZED_AUTOS = YES_AGGRESSIVE;
				GCC_WARN_UNUSED_FUNCTION = YES;
				GCC_WARN_UNUSED_VARIABLE = YES;
				LOCALIZATION_PREFERS_STRING_CATALOGS = YES;
				MTL_ENABLE_DEBUG_INFO = NO;
				MTL_FAST_MATH = YES;
				SWIFT_COMPILATION_MODE = wholemodule;
			};
			name = Release;
		};
		A35CF08C2BA446EA00082F3D /* Debug */ = {
			isa = XCBuildConfiguration;
			buildSettings = {
				ASSETCATALOG_COMPILER_APPICON_NAME = AppIcon;
				ASSETCATALOG_COMPILER_GLOBAL_ACCENT_COLOR_NAME = AccentColor;
				CODE_SIGN_ENTITLEMENTS = SwiftUICleanArchitecture/SwiftUICleanArchitecture.entitlements;
				CODE_SIGN_STYLE = Automatic;
				CURRENT_PROJECT_VERSION = 1;
				DEVELOPMENT_ASSET_PATHS = "\"SwiftUICleanArchitecture/Preview Content\"";
				DEVELOPMENT_TEAM = H8Q452Q9H8;
				ENABLE_HARDENED_RUNTIME = YES;
				ENABLE_PREVIEWS = YES;
				GENERATE_INFOPLIST_FILE = YES;
				"INFOPLIST_KEY_UIApplicationSceneManifest_Generation[sdk=iphoneos*]" = YES;
				"INFOPLIST_KEY_UIApplicationSceneManifest_Generation[sdk=iphonesimulator*]" = YES;
				"INFOPLIST_KEY_UIApplicationSupportsIndirectInputEvents[sdk=iphoneos*]" = YES;
				"INFOPLIST_KEY_UIApplicationSupportsIndirectInputEvents[sdk=iphonesimulator*]" = YES;
				"INFOPLIST_KEY_UILaunchScreen_Generation[sdk=iphoneos*]" = YES;
				"INFOPLIST_KEY_UILaunchScreen_Generation[sdk=iphonesimulator*]" = YES;
				"INFOPLIST_KEY_UIStatusBarStyle[sdk=iphoneos*]" = UIStatusBarStyleDefault;
				"INFOPLIST_KEY_UIStatusBarStyle[sdk=iphonesimulator*]" = UIStatusBarStyleDefault;
				INFOPLIST_KEY_UISupportedInterfaceOrientations_iPad = "UIInterfaceOrientationPortrait UIInterfaceOrientationPortraitUpsideDown UIInterfaceOrientationLandscapeLeft UIInterfaceOrientationLandscapeRight";
				INFOPLIST_KEY_UISupportedInterfaceOrientations_iPhone = "UIInterfaceOrientationPortrait UIInterfaceOrientationLandscapeLeft UIInterfaceOrientationLandscapeRight";
				IPHONEOS_DEPLOYMENT_TARGET = 17.2;
				LD_RUNPATH_SEARCH_PATHS = "@executable_path/Frameworks";
				"LD_RUNPATH_SEARCH_PATHS[sdk=macosx*]" = "@executable_path/../Frameworks";
				MACOSX_DEPLOYMENT_TARGET = 14.2;
				MARKETING_VERSION = 1.0;
				PRODUCT_BUNDLE_IDENTIFIER = com.safiribyetes.SwiftUICleanArchitecture;
				PRODUCT_NAME = "$(TARGET_NAME)";
				SDKROOT = auto;
				SUPPORTED_PLATFORMS = "iphoneos iphonesimulator macosx";
				SWIFT_EMIT_LOC_STRINGS = YES;
				SWIFT_VERSION = 5.0;
				TARGETED_DEVICE_FAMILY = "1,2";
			};
			name = Debug;
		};
		A35CF08D2BA446EA00082F3D /* Release */ = {
			isa = XCBuildConfiguration;
			buildSettings = {
				ASSETCATALOG_COMPILER_APPICON_NAME = AppIcon;
				ASSETCATALOG_COMPILER_GLOBAL_ACCENT_COLOR_NAME = AccentColor;
				CODE_SIGN_ENTITLEMENTS = SwiftUICleanArchitecture/SwiftUICleanArchitecture.entitlements;
				CODE_SIGN_STYLE = Automatic;
				CURRENT_PROJECT_VERSION = 1;
				DEVELOPMENT_ASSET_PATHS = "\"SwiftUICleanArchitecture/Preview Content\"";
				DEVELOPMENT_TEAM = H8Q452Q9H8;
				ENABLE_HARDENED_RUNTIME = YES;
				ENABLE_PREVIEWS = YES;
				GENERATE_INFOPLIST_FILE = YES;
				"INFOPLIST_KEY_UIApplicationSceneManifest_Generation[sdk=iphoneos*]" = YES;
				"INFOPLIST_KEY_UIApplicationSceneManifest_Generation[sdk=iphonesimulator*]" = YES;
				"INFOPLIST_KEY_UIApplicationSupportsIndirectInputEvents[sdk=iphoneos*]" = YES;
				"INFOPLIST_KEY_UIApplicationSupportsIndirectInputEvents[sdk=iphonesimulator*]" = YES;
				"INFOPLIST_KEY_UILaunchScreen_Generation[sdk=iphoneos*]" = YES;
				"INFOPLIST_KEY_UILaunchScreen_Generation[sdk=iphonesimulator*]" = YES;
				"INFOPLIST_KEY_UIStatusBarStyle[sdk=iphoneos*]" = UIStatusBarStyleDefault;
				"INFOPLIST_KEY_UIStatusBarStyle[sdk=iphonesimulator*]" = UIStatusBarStyleDefault;
				INFOPLIST_KEY_UISupportedInterfaceOrientations_iPad = "UIInterfaceOrientationPortrait UIInterfaceOrientationPortraitUpsideDown UIInterfaceOrientationLandscapeLeft UIInterfaceOrientationLandscapeRight";
				INFOPLIST_KEY_UISupportedInterfaceOrientations_iPhone = "UIInterfaceOrientationPortrait UIInterfaceOrientationLandscapeLeft UIInterfaceOrientationLandscapeRight";
				IPHONEOS_DEPLOYMENT_TARGET = 17.2;
				LD_RUNPATH_SEARCH_PATHS = "@executable_path/Frameworks";
				"LD_RUNPATH_SEARCH_PATHS[sdk=macosx*]" = "@executable_path/../Frameworks";
				MACOSX_DEPLOYMENT_TARGET = 14.2;
				MARKETING_VERSION = 1.0;
				PRODUCT_BUNDLE_IDENTIFIER = com.safiribyetes.SwiftUICleanArchitecture;
				PRODUCT_NAME = "$(TARGET_NAME)";
				SDKROOT = auto;
				SUPPORTED_PLATFORMS = "iphoneos iphonesimulator macosx";
				SWIFT_EMIT_LOC_STRINGS = YES;
				SWIFT_VERSION = 5.0;
				TARGETED_DEVICE_FAMILY = "1,2";
			};
			name = Release;
		};
/* End XCBuildConfiguration section */

/* Begin XCConfigurationList section */
		A35CF0772BA446E600082F3D /* Build configuration list for PBXProject "SwiftUICleanArchitecture" */ = {
			isa = XCConfigurationList;
			buildConfigurations = (
				A35CF0892BA446EA00082F3D /* Debug */,
				A35CF08A2BA446EA00082F3D /* Release */,
			);
			defaultConfigurationIsVisible = 0;
			defaultConfigurationName = Release;
		};
		A35CF08B2BA446EA00082F3D /* Build configuration list for PBXNativeTarget "SwiftUICleanArchitecture" */ = {
			isa = XCConfigurationList;
			buildConfigurations = (
				A35CF08C2BA446EA00082F3D /* Debug */,
				A35CF08D2BA446EA00082F3D /* Release */,
			);
			defaultConfigurationIsVisible = 0;
			defaultConfigurationName = Release;
		};
/* End XCConfigurationList section */
	};
	rootObject = A35CF0742BA446E600082F3D /* Project object */;
}
